
Microsoft Visual Studio Solution File, Format Version 12.00
# Visual Studio Version 16
VisualStudioVersion = 16.0.29306.81
MinimumVisualStudioVersion = 10.0.40219.1
Project("{FAE04EC0-301F-11D3-BF4B-00C04F79EFBC}") = "Rhombus", "Rhombus\Rhombus.csproj", "{D0F4F7EB-19E4-4410-9B09-BB998277B2C6}"
EndProject
Global
	GlobalSection(SolutionConfigurationPlatforms) = preSolution
		Debug|Any CPU = Debug|Any CPU
		Release|Any CPU = Release|Any CPU
	EndGlobalSection
	GlobalSection(ProjectConfigurationPlatforms) = postSolution
		{D0F4F7EB-19E4-4410-9B09-BB998277B2C6}.Debug|Any CPU.ActiveCfg = Debug|Any CPU
		{D0F4F7EB-19E4-4410-9B09-BB998277B2C6}.Debug|Any CPU.Build.0 = Debug|Any CPU
		{D0F4F7EB-19E4-4410-9B09-BB998277B2C6}.Release|Any CPU.ActiveCfg = Release|Any CPU
		{D0F4F7EB-19E4-4410-9B09-BB998277B2C6}.Release|Any CPU.Build.0 = Release|Any CPU
	EndGlobalSection
	GlobalSection(SolutionProperties) = preSolution
		HideSolutionNode = FALSE
	EndGlobalSection
	GlobalSection(ExtensibilityGlobals) = postSolution
		SolutionGuid = {C9EAAFA7-906F-44DB-95C0-8A75BA6638AF}
	EndGlobalSection
EndGlobal
