
Microsoft Visual Studio Solution File, Format Version 12.00
# Visual Studio Version 16
VisualStudioVersion = 16.0.29306.81
MinimumVisualStudioVersion = 10.0.40219.1
Project("{FAE04EC0-301F-11D3-BF4B-00C04F79EFBC}") = "Polygons", "Polygons\Polygons.csproj", "{748C6E76-DF28-476C-B8F7-F6144BEE3E40}"
EndProject
Global
	GlobalSection(SolutionConfigurationPlatforms) = preSolution
		Debug|Any CPU = Debug|Any CPU
		Release|Any CPU = Release|Any CPU
	EndGlobalSection
	GlobalSection(ProjectConfigurationPlatforms) = postSolution
		{748C6E76-DF28-476C-B8F7-F6144BEE3E40}.Debug|Any CPU.ActiveCfg = Debug|Any CPU
		{748C6E76-DF28-476C-B8F7-F6144BEE3E40}.Debug|Any CPU.Build.0 = Debug|Any CPU
		{748C6E76-DF28-476C-B8F7-F6144BEE3E40}.Release|Any CPU.ActiveCfg = Release|Any CPU
		{748C6E76-DF28-476C-B8F7-F6144BEE3E40}.Release|Any CPU.Build.0 = Release|Any CPU
	EndGlobalSection
	GlobalSection(SolutionProperties) = preSolution
		HideSolutionNode = FALSE
	EndGlobalSection
	GlobalSection(ExtensibilityGlobals) = postSolution
		SolutionGuid = {8302893D-0454-4900-8BD3-992D1D3DAF6C}
	EndGlobalSection
EndGlobal
